
Microsoft Visual Studio Solution File, Format Version 12.00
# Visual Studio Version 17
VisualStudioVersion = 17.1.32319.34
MinimumVisualStudioVersion = 10.0.40219.1
Project("{9A19103F-16F7-4668-BE54-9A1E7A4F7556}") = "ContosoUniversity", "ContosoUniversity\ContosoUniversity.csproj", "{912D188B-D4B1-4468-B3BB-6CD698EE1B09}"
EndProject
Global
	GlobalSection(SolutionConfigurationPlatforms) = preSolution
		Debug|Any CPU = Debug|Any CPU
		Release|Any CPU = Release|Any CPU
	EndGlobalSection
	GlobalSection(ProjectConfigurationPlatforms) = postSolution
		{912D188B-D4B1-4468-B3BB-6CD698EE1B09}.Debug|Any CPU.ActiveCfg = Debug|Any CPU
		{912D188B-D4B1-4468-B3BB-6CD698EE1B09}.Debug|Any CPU.Build.0 = Debug|Any CPU
		{912D188B-D4B1-4468-B3BB-6CD698EE1B09}.Release|Any CPU.ActiveCfg = Release|Any CPU
		{912D188B-D4B1-4468-B3BB-6CD698EE1B09}.Release|Any CPU.Build.0 = Release|Any CPU
	EndGlobalSection
	GlobalSection(SolutionProperties) = preSolution
		HideSolutionNode = FALSE
	EndGlobalSection
	GlobalSection(ExtensibilityGlobals) = postSolution
		SolutionGuid = {7013FEA8-3902-45DD-B141-064BCA35A97E}
	EndGlobalSection
EndGlobal
